
Microsoft Visual Studio Solution File, Format Version 12.00
# Visual Studio Version 16
VisualStudioVersion = 16.0.30523.141
MinimumVisualStudioVersion = 10.0.40219.1
Project("{FAE04EC0-301F-11D3-BF4B-00C04F79EFBC}") = "AutoWhats.Android", "AutoWhats.Android\AutoWhats.Android.csproj", "{65B00EE7-D046-42D2-817E-2A26464FFFB1}"
EndProject
Project("{FAE04EC0-301F-11D3-BF4B-00C04F79EFBC}") = "AutoWhats", "AutoWhats\AutoWhats.csproj", "{69E7EC65-ACC2-4260-81E4-7EC2E772785B}"
EndProject
Global
	GlobalSection(SolutionConfigurationPlatforms) = preSolution
		Debug|Any CPU = Debug|Any CPU
		Release|Any CPU = Release|Any CPU
	EndGlobalSection
	GlobalSection(ProjectConfigurationPlatforms) = postSolution
		{65B00EE7-D046-42D2-817E-2A26464FFFB1}.Debug|Any CPU.ActiveCfg = Debug|Any CPU
		{65B00EE7-D046-42D2-817E-2A26464FFFB1}.Debug|Any CPU.Build.0 = Debug|Any CPU
		{65B00EE7-D046-42D2-817E-2A26464FFFB1}.Debug|Any CPU.Deploy.0 = Debug|Any CPU
		{65B00EE7-D046-42D2-817E-2A26464FFFB1}.Release|Any CPU.ActiveCfg = Release|Any CPU
		{65B00EE7-D046-42D2-817E-2A26464FFFB1}.Release|Any CPU.Build.0 = Release|Any CPU
		{65B00EE7-D046-42D2-817E-2A26464FFFB1}.Release|Any CPU.Deploy.0 = Release|Any CPU
		{69E7EC65-ACC2-4260-81E4-7EC2E772785B}.Debug|Any CPU.ActiveCfg = Debug|Any CPU
		{69E7EC65-ACC2-4260-81E4-7EC2E772785B}.Debug|Any CPU.Build.0 = Debug|Any CPU
		{69E7EC65-ACC2-4260-81E4-7EC2E772785B}.Debug|Any CPU.Deploy.0 = Debug|Any CPU
		{69E7EC65-ACC2-4260-81E4-7EC2E772785B}.Release|Any CPU.ActiveCfg = Release|Any CPU
		{69E7EC65-ACC2-4260-81E4-7EC2E772785B}.Release|Any CPU.Build.0 = Release|Any CPU
		{69E7EC65-ACC2-4260-81E4-7EC2E772785B}.Release|Any CPU.Deploy.0 = Release|Any CPU
	EndGlobalSection
	GlobalSection(SolutionProperties) = preSolution
		HideSolutionNode = FALSE
	EndGlobalSection
	GlobalSection(ExtensibilityGlobals) = postSolution
		SolutionGuid = {F34AB7DC-8115-439B-A494-32FBA047DB05}
	EndGlobalSection
EndGlobal
